// !$*UTF8*$!
{
	archiveVersion = 1;
	classes = {
	};
	objectVersion = 46;
	objects = {

/* Begin PBXBuildFile section */
		1A5A73B015DFE64400987952 /* UIKit.framework in Frameworks */ = {isa = PBXBuildFile; fileRef = 1A5A73AF15DFE64400987952 /* UIKit.framework */; };
		1A5A73B215DFE64400987952 /* Foundation.framework in Frameworks */ = {isa = PBXBuildFile; fileRef = 1A5A73B115DFE64400987952 /* Foundation.framework */; };
		1A5A73B415DFE64400987952 /* CoreGraphics.framework in Frameworks */ = {isa = PBXBuildFile; fileRef = 1A5A73B315DFE64400987952 /* CoreGraphics.framework */; };
		1A5A73BA15DFE64400987952 /* InfoPlist.strings in Resources */ = {isa = PBXBuildFile; fileRef = 1A5A73B815DFE64400987952 /* InfoPlist.strings */; };
		1A5A73BC15DFE64400987952 /* main.m in Sources */ = {isa = PBXBuildFile; fileRef = 1A5A73BB15DFE64400987952 /* main.m */; };
		1A5A73C015DFE64400987952 /* TimerAppDelegate.m in Sources */ = {isa = PBXBuildFile; fileRef = 1A5A73BF15DFE64400987952 /* TimerAppDelegate.m */; };
		1A5A73C315DFE64400987952 /* MainStoryboard.storyboard in Resources */ = {isa = PBXBuildFile; fileRef = 1A5A73C115DFE64400987952 /* MainStoryboard.storyboard */; };
		1A5A73C615DFE64400987952 /* TimerViewController.m in Sources */ = {isa = PBXBuildFile; fileRef = 1A5A73C515DFE64400987952 /* TimerViewController.m */; };
		1A5A73CE15DFE64500987952 /* SenTestingKit.framework in Frameworks */ = {isa = PBXBuildFile; fileRef = 1A5A73CD15DFE64500987952 /* SenTestingKit.framework */; };
		1A5A73CF15DFE64500987952 /* UIKit.framework in Frameworks */ = {isa = PBXBuildFile; fileRef = 1A5A73AF15DFE64400987952 /* UIKit.framework */; };
		1A5A73D015DFE64500987952 /* Foundation.framework in Frameworks */ = {isa = PBXBuildFile; fileRef = 1A5A73B115DFE64400987952 /* Foundation.framework */; };
		1A5A73D815DFE64500987952 /* InfoPlist.strings in Resources */ = {isa = PBXBuildFile; fileRef = 1A5A73D615DFE64500987952 /* InfoPlist.strings */; };
		1A5A73DB15DFE64500987952 /* CameraWithTimerTests.m in Sources */ = {isa = PBXBuildFile; fileRef = 1A5A73DA15DFE64500987952 /* CameraWithTimerTests.m */; };
/* End PBXBuildFile section */

/* Begin PBXContainerItemProxy section */
		1A5A73D115DFE64500987952 /* PBXContainerItemProxy */ = {
			isa = PBXContainerItemProxy;
			containerPortal = 1A5A73A215DFE64400987952 /* Project object */;
			proxyType = 1;
			remoteGlobalIDString = 1A5A73AA15DFE64400987952;
			remoteInfo = CameraWithTimer;
		};
/* End PBXContainerItemProxy section */

/* Begin PBXFileReference section */
		1A5A73AB15DFE64400987952 /* CameraWithTimer.app */ = {isa = PBXFileReference; explicitFileType = wrapper.application; includeInIndex = 0; path = CameraWithTimer.app; sourceTree = BUILT_PRODUCTS_DIR; };
		1A5A73AF15DFE64400987952 /* UIKit.framework */ = {isa = PBXFileReference; lastKnownFileType = wrapper.framework; name = UIKit.framework; path = System/Library/Frameworks/UIKit.framework; sourceTree = SDKROOT; };
		1A5A73B115DFE64400987952 /* Foundation.framework */ = {isa = PBXFileReference; lastKnownFileType = wrapper.framework; name = Foundation.framework; path = System/Library/Frameworks/Foundation.framework; sourceTree = SDKROOT; };
		1A5A73B315DFE64400987952 /* CoreGraphics.framework */ = {isa = PBXFileReference; lastKnownFileType = wrapper.framework; name = CoreGraphics.framework; path = System/Library/Frameworks/CoreGraphics.framework; sourceTree = SDKROOT; };
		1A5A73B715DFE64400987952 /* CameraWithTimer-Info.plist */ = {isa = PBXFileReference; lastKnownFileType = text.plist.xml; path = "CameraWithTimer-Info.plist"; sourceTree = "<group>"; };
		1A5A73B915DFE64400987952 /* en */ = {isa = PBXFileReference; lastKnownFileType = text.plist.strings; name = en; path = en.lproj/InfoPlist.strings; sourceTree = "<group>"; };
		1A5A73BB15DFE64400987952 /* main.m */ = {isa = PBXFileReference; lastKnownFileType = sourcecode.c.objc; path = main.m; sourceTree = "<group>"; };
		1A5A73BD15DFE64400987952 /* CameraWithTimer-Prefix.pch */ = {isa = PBXFileReference; lastKnownFileType = sourcecode.c.h; path = "CameraWithTimer-Prefix.pch"; sourceTree = "<group>"; };
		1A5A73BE15DFE64400987952 /* TimerAppDelegate.h */ = {isa = PBXFileReference; lastKnownFileType = sourcecode.c.h; path = TimerAppDelegate.h; sourceTree = "<group>"; };
		1A5A73BF15DFE64400987952 /* TimerAppDelegate.m */ = {isa = PBXFileReference; lastKnownFileType = sourcecode.c.objc; path = TimerAppDelegate.m; sourceTree = "<group>"; };
		1A5A73C215DFE64400987952 /* en */ = {isa = PBXFileReference; lastKnownFileType = file.storyboard; name = en; path = en.lproj/MainStoryboard.storyboard; sourceTree = "<group>"; };
		1A5A73C415DFE64400987952 /* TimerViewController.h */ = {isa = PBXFileReference; lastKnownFileType = sourcecode.c.h; path = TimerViewController.h; sourceTree = "<group>"; };
		1A5A73C515DFE64400987952 /* TimerViewController.m */ = {isa = PBXFileReference; lastKnownFileType = sourcecode.c.objc; path = TimerViewController.m; sourceTree = "<group>"; };
		1A5A73CC15DFE64500987952 /* CameraWithTimerTests.octest */ = {isa = PBXFileReference; explicitFileType = wrapper.cfbundle; includeInIndex = 0; path = CameraWithTimerTests.octest; sourceTree = BUILT_PRODUCTS_DIR; };
		1A5A73CD15DFE64500987952 /* SenTestingKit.framework */ = {isa = PBXFileReference; lastKnownFileType = wrapper.framework; name = SenTestingKit.framework; path = Library/Frameworks/SenTestingKit.framework; sourceTree = DEVELOPER_DIR; };
		1A5A73D515DFE64500987952 /* CameraWithTimerTests-Info.plist */ = {isa = PBXFileReference; lastKnownFileType = text.plist.xml; path = "CameraWithTimerTests-Info.plist"; sourceTree = "<group>"; };
		1A5A73D715DFE64500987952 /* en */ = {isa = PBXFileReference; lastKnownFileType = text.plist.strings; name = en; path = en.lproj/InfoPlist.strings; sourceTree = "<group>"; };
		1A5A73D915DFE64500987952 /* CameraWithTimerTests.h */ = {isa = PBXFileReference; lastKnownFileType = sourcecode.c.h; path = CameraWithTimerTests.h; sourceTree = "<group>"; };
		1A5A73DA15DFE64500987952 /* CameraWithTimerTests.m */ = {isa = PBXFileReference; lastKnownFileType = sourcecode.c.objc; path = CameraWithTimerTests.m; sourceTree = "<group>"; };
/* End PBXFileReference section */

/* Begin PBXFrameworksBuildPhase section */
		1A5A73A815DFE64400987952 /* Frameworks */ = {
			isa = PBXFrameworksBuildPhase;
			buildActionMask = 2147483647;
			files = (
				1A5A73B015DFE64400987952 /* UIKit.framework in Frameworks */,
				1A5A73B215DFE64400987952 /* Foundation.framework in Frameworks */,
				1A5A73B415DFE64400987952 /* CoreGraphics.framework in Frameworks */,
			);
			runOnlyForDeploymentPostprocessing = 0;
		};
		1A5A73C815DFE64500987952 /* Frameworks */ = {
			isa = PBXFrameworksBuildPhase;
			buildActionMask = 2147483647;
			files = (
				1A5A73CE15DFE64500987952 /* SenTestingKit.framework in Frameworks */,
				1A5A73CF15DFE64500987952 /* UIKit.framework in Frameworks */,
				1A5A73D015DFE64500987952 /* Foundation.framework in Frameworks */,
			);
			runOnlyForDeploymentPostprocessing = 0;
		};
/* End PBXFrameworksBuildPhase section */

/* Begin PBXGroup section */
		1A5A73A015DFE64400987952 = {
			isa = PBXGroup;
			children = (
				1A5A73B515DFE64400987952 /* CameraWithTimer */,
				1A5A73D315DFE64500987952 /* CameraWithTimerTests */,
				1A5A73AE15DFE64400987952 /* Frameworks */,
				1A5A73AC15DFE64400987952 /* Products */,
			);
			sourceTree = "<group>";
		};
		1A5A73AC15DFE64400987952 /* Products */ = {
			isa = PBXGroup;
			children = (
				1A5A73AB15DFE64400987952 /* CameraWithTimer.app */,
				1A5A73CC15DFE64500987952 /* CameraWithTimerTests.octest */,
			);
			name = Products;
			sourceTree = "<group>";
		};
		1A5A73AE15DFE64400987952 /* Frameworks */ = {
			isa = PBXGroup;
			children = (
				1A5A73AF15DFE64400987952 /* UIKit.framework */,
				1A5A73B115DFE64400987952 /* Foundation.framework */,
				1A5A73B315DFE64400987952 /* CoreGraphics.framework */,
				1A5A73CD15DFE64500987952 /* SenTestingKit.framework */,
			);
			name = Frameworks;
			sourceTree = "<group>";
		};
		1A5A73B515DFE64400987952 /* CameraWithTimer */ = {
			isa = PBXGroup;
			children = (
				1A5A73BE15DFE64400987952 /* TimerAppDelegate.h */,
				1A5A73BF15DFE64400987952 /* TimerAppDelegate.m */,
				1A5A73C115DFE64400987952 /* MainStoryboard.storyboard */,
				1A5A73C415DFE64400987952 /* TimerViewController.h */,
				1A5A73C515DFE64400987952 /* TimerViewController.m */,
				1A5A73B615DFE64400987952 /* Supporting Files */,
			);
			path = CameraWithTimer;
			sourceTree = "<group>";
		};
		1A5A73B615DFE64400987952 /* Supporting Files */ = {
			isa = PBXGroup;
			children = (
				1A5A73B715DFE64400987952 /* CameraWithTimer-Info.plist */,
				1A5A73B815DFE64400987952 /* InfoPlist.strings */,
				1A5A73BB15DFE64400987952 /* main.m */,
				1A5A73BD15DFE64400987952 /* CameraWithTimer-Prefix.pch */,
			);
			name = "Supporting Files";
			sourceTree = "<group>";
		};
		1A5A73D315DFE64500987952 /* CameraWithTimerTests */ = {
			isa = PBXGroup;
			children = (
				1A5A73D915DFE64500987952 /* CameraWithTimerTests.h */,
				1A5A73DA15DFE64500987952 /* CameraWithTimerTests.m */,
				1A5A73D415DFE64500987952 /* Supporting Files */,
			);
			path = CameraWithTimerTests;
			sourceTree = "<group>";
		};
		1A5A73D415DFE64500987952 /* Supporting Files */ = {
			isa = PBXGroup;
			children = (
				1A5A73D515DFE64500987952 /* CameraWithTimerTests-Info.plist */,
				1A5A73D615DFE64500987952 /* InfoPlist.strings */,
			);
			name = "Supporting Files";
			sourceTree = "<group>";
		};
/* End PBXGroup section */

/* Begin PBXNativeTarget section */
		1A5A73AA15DFE64400987952 /* CameraWithTimer */ = {
			isa = PBXNativeTarget;
			buildConfigurationList = 1A5A73DE15DFE64500987952 /* Build configuration list for PBXNativeTarget "CameraWithTimer" */;
			buildPhases = (
				1A5A73A715DFE64400987952 /* Sources */,
				1A5A73A815DFE64400987952 /* Frameworks */,
				1A5A73A915DFE64400987952 /* Resources */,
			);
			buildRules = (
			);
			dependencies = (
			);
			name = CameraWithTimer;
			productName = CameraWithTimer;
			productReference = 1A5A73AB15DFE64400987952 /* CameraWithTimer.app */;
			productType = "com.apple.product-type.application";
		};
		1A5A73CB15DFE64500987952 /* CameraWithTimerTests */ = {
			isa = PBXNativeTarget;
			buildConfigurationList = 1A5A73E115DFE64500987952 /* Build configuration list for PBXNativeTarget "CameraWithTimerTests" */;
			buildPhases = (
				1A5A73C715DFE64500987952 /* Sources */,
				1A5A73C815DFE64500987952 /* Frameworks */,
				1A5A73C915DFE64500987952 /* Resources */,
				1A5A73CA15DFE64500987952 /* ShellScript */,
			);
			buildRules = (
			);
			dependencies = (
				1A5A73D215DFE64500987952 /* PBXTargetDependency */,
			);
			name = CameraWithTimerTests;
			productName = CameraWithTimerTests;
			productReference = 1A5A73CC15DFE64500987952 /* CameraWithTimerTests.octest */;
			productType = "com.apple.product-type.bundle";
		};
/* End PBXNativeTarget section */

/* Begin PBXProject section */
		1A5A73A215DFE64400987952 /* Project object */ = {
			isa = PBXProject;
			attributes = {
				CLASSPREFIX = Timer;
				LastUpgradeCheck = 0440;
				ORGANIZATIONNAME = Yosuke;
			};
			buildConfigurationList = 1A5A73A515DFE64400987952 /* Build configuration list for PBXProject "CameraWithTimer" */;
			compatibilityVersion = "Xcode 3.2";
			developmentRegion = English;
			hasScannedForEncodings = 0;
			knownRegions = (
				en,
			);
			mainGroup = 1A5A73A015DFE64400987952;
			productRefGroup = 1A5A73AC15DFE64400987952 /* Products */;
			projectDirPath = "";
			projectRoot = "";
			targets = (
				1A5A73AA15DFE64400987952 /* CameraWithTimer */,
				1A5A73CB15DFE64500987952 /* CameraWithTimerTests */,
			);
		};
/* End PBXProject section */

/* Begin PBXResourcesBuildPhase section */
		1A5A73A915DFE64400987952 /* Resources */ = {
			isa = PBXResourcesBuildPhase;
			buildActionMask = 2147483647;
			files = (
				1A5A73BA15DFE64400987952 /* InfoPlist.strings in Resources */,
				1A5A73C315DFE64400987952 /* MainStoryboard.storyboard in Resources */,
			);
			runOnlyForDeploymentPostprocessing = 0;
		};
		1A5A73C915DFE64500987952 /* Resources */ = {
			isa = PBXResourcesBuildPhase;
			buildActionMask = 2147483647;
			files = (
				1A5A73D815DFE64500987952 /* InfoPlist.strings in Resources */,
			);
			runOnlyForDeploymentPostprocessing = 0;
		};
/* End PBXResourcesBuildPhase section */

/* Begin PBXShellScriptBuildPhase section */
		1A5A73CA15DFE64500987952 /* ShellScript */ = {
			isa = PBXShellScriptBuildPhase;
			buildActionMask = 2147483647;
			files = (
			);
			inputPaths = (
			);
			outputPaths = (
			);
			runOnlyForDeploymentPostprocessing = 0;
			shellPath = /bin/sh;
			shellScript = "# Run the unit tests in this test bundle.\n\"${SYSTEM_DEVELOPER_DIR}/Tools/RunUnitTests\"\n";
		};
/* End PBXShellScriptBuildPhase section */

/* Begin PBXSourcesBuildPhase section */
		1A5A73A715DFE64400987952 /* Sources */ = {
			isa = PBXSourcesBuildPhase;
			buildActionMask = 2147483647;
			files = (
				1A5A73BC15DFE64400987952 /* main.m in Sources */,
				1A5A73C015DFE64400987952 /* TimerAppDelegate.m in Sources */,
				1A5A73C615DFE64400987952 /* TimerViewController.m in Sources */,
			);
			runOnlyForDeploymentPostprocessing = 0;
		};
		1A5A73C715DFE64500987952 /* Sources */ = {
			isa = PBXSourcesBuildPhase;
			buildActionMask = 2147483647;
			files = (
				1A5A73DB15DFE64500987952 /* CameraWithTimerTests.m in Sources */,
			);
			runOnlyForDeploymentPostprocessing = 0;
		};
/* End PBXSourcesBuildPhase section */

/* Begin PBXTargetDependency section */
		1A5A73D215DFE64500987952 /* PBXTargetDependency */ = {
			isa = PBXTargetDependency;
			target = 1A5A73AA15DFE64400987952 /* CameraWithTimer */;
			targetProxy = 1A5A73D115DFE64500987952 /* PBXContainerItemProxy */;
		};
/* End PBXTargetDependency section */

/* Begin PBXVariantGroup section */
		1A5A73B815DFE64400987952 /* InfoPlist.strings */ = {
			isa = PBXVariantGroup;
			children = (
				1A5A73B915DFE64400987952 /* en */,
			);
			name = InfoPlist.strings;
			sourceTree = "<group>";
		};
		1A5A73C115DFE64400987952 /* MainStoryboard.storyboard */ = {
			isa = PBXVariantGroup;
			children = (
				1A5A73C215DFE64400987952 /* en */,
			);
			name = MainStoryboard.storyboard;
			sourceTree = "<group>";
		};
		1A5A73D615DFE64500987952 /* InfoPlist.strings */ = {
			isa = PBXVariantGroup;
			children = (
				1A5A73D715DFE64500987952 /* en */,
			);
			name = InfoPlist.strings;
			sourceTree = "<group>";
		};
/* End PBXVariantGroup section */

/* Begin XCBuildConfiguration section */
		1A5A73DC15DFE64500987952 /* Debug */ = {
			isa = XCBuildConfiguration;
			buildSettings = {
				ALWAYS_SEARCH_USER_PATHS = NO;
				ARCHS = "$(ARCHS_STANDARD_32_BIT)";
				CLANG_CXX_LANGUAGE_STANDARD = "gnu++0x";
				CLANG_ENABLE_OBJC_ARC = YES;
				CLANG_WARN__DUPLICATE_METHOD_MATCH = YES;
				"CODE_SIGN_IDENTITY[sdk=iphoneos*]" = "iPhone Developer";
				COPY_PHASE_STRIP = NO;
				GCC_C_LANGUAGE_STANDARD = gnu99;
				GCC_DYNAMIC_NO_PIC = NO;
				GCC_OPTIMIZATION_LEVEL = 0;
				GCC_PREPROCESSOR_DEFINITIONS = (
					"DEBUG=1",
					"$(inherited)",
				);
				GCC_SYMBOLS_PRIVATE_EXTERN = NO;
				GCC_VERSION = com.apple.compilers.llvm.clang.1_0;
				GCC_WARN_ABOUT_RETURN_TYPE = YES;
				GCC_WARN_UNINITIALIZED_AUTOS = YES;
				GCC_WARN_UNUSED_VARIABLE = YES;
				IPHONEOS_DEPLOYMENT_TARGET = 5.1;
				SDKROOT = iphoneos;
			};
			name = Debug;
		};
		1A5A73DD15DFE64500987952 /* Release */ = {
			isa = XCBuildConfiguration;
			buildSettings = {
				ALWAYS_SEARCH_USER_PATHS = NO;
				ARCHS = "$(ARCHS_STANDARD_32_BIT)";
				CLANG_CXX_LANGUAGE_STANDARD = "gnu++0x";
				CLANG_ENABLE_OBJC_ARC = YES;
				CLANG_WARN__DUPLICATE_METHOD_MATCH = YES;
				"CODE_SIGN_IDENTITY[sdk=iphoneos*]" = "iPhone Developer";
				COPY_PHASE_STRIP = YES;
				GCC_C_LANGUAGE_STANDARD = gnu99;
				GCC_VERSION = com.apple.compilers.llvm.clang.1_0;
				GCC_WARN_ABOUT_RETURN_TYPE = YES;
				GCC_WARN_UNINITIALIZED_AUTOS = YES;
				GCC_WARN_UNUSED_VARIABLE = YES;
				IPHONEOS_DEPLOYMENT_TARGET = 5.1;
				OTHER_CFLAGS = "-DNS_BLOCK_ASSERTIONS=1";
				SDKROOT = iphoneos;
				VALIDATE_PRODUCT = YES;
			};
			name = Release;
		};
		1A5A73DF15DFE64500987952 /* Debug */ = {
			isa = XCBuildConfiguration;
			buildSettings = {
				GCC_PRECOMPILE_PREFIX_HEADER = YES;
				GCC_PREFIX_HEADER = "CameraWithTimer/CameraWithTimer-Prefix.pch";
				INFOPLIST_FILE = "CameraWithTimer/CameraWithTimer-Info.plist";
				PRODUCT_NAME = "$(TARGET_NAME)";
				WRAPPER_EXTENSION = app;
			};
			name = Debug;
		};
		1A5A73E015DFE64500987952 /* Release */ = {
			isa = XCBuildConfiguration;
			buildSettings = {
				GCC_PRECOMPILE_PREFIX_HEADER = YES;
				GCC_PREFIX_HEADER = "CameraWithTimer/CameraWithTimer-Prefix.pch";
				INFOPLIST_FILE = "CameraWithTimer/CameraWithTimer-Info.plist";
				PRODUCT_NAME = "$(TARGET_NAME)";
				WRAPPER_EXTENSION = app;
			};
			name = Release;
		};
		1A5A73E215DFE64500987952 /* Debug */ = {
			isa = XCBuildConfiguration;
			buildSettings = {
				BUNDLE_LOADER = "$(BUILT_PRODUCTS_DIR)/CameraWithTimer.app/CameraWithTimer";
				FRAMEWORK_SEARCH_PATHS = (
					"\"$(SDKROOT)/Developer/Library/Frameworks\"",
					"\"$(DEVELOPER_LIBRARY_DIR)/Frameworks\"",
				);
				GCC_PRECOMPILE_PREFIX_HEADER = YES;
				GCC_PREFIX_HEADER = "CameraWithTimer/CameraWithTimer-Prefix.pch";
				INFOPLIST_FILE = "CameraWithTimerTests/CameraWithTimerTests-Info.plist";
				PRODUCT_NAME = "$(TARGET_NAME)";
				TEST_HOST = "$(BUNDLE_LOADER)";
				WRAPPER_EXTENSION = octest;
			};
			name = Debug;
		};
		1A5A73E315DFE64500987952 /* Release */ = {
			isa = XCBuildConfiguration;
			buildSettings = {
				BUNDLE_LOADER = "$(BUILT_PRODUCTS_DIR)/CameraWithTimer.app/CameraWithTimer";
				FRAMEWORK_SEARCH_PATHS = (
					"\"$(SDKROOT)/Developer/Library/Frameworks\"",
					"\"$(DEVELOPER_LIBRARY_DIR)/Frameworks\"",
				);
				GCC_PRECOMPILE_PREFIX_HEADER = YES;
				GCC_PREFIX_HEADER = "CameraWithTimer/CameraWithTimer-Prefix.pch";
				INFOPLIST_FILE = "CameraWithTimerTests/CameraWithTimerTests-Info.plist";
				PRODUCT_NAME = "$(TARGET_NAME)";
				TEST_HOST = "$(BUNDLE_LOADER)";
				WRAPPER_EXTENSION = octest;
			};
			name = Release;
		};
/* End XCBuildConfiguration section */

/* Begin XCConfigurationList section */
		1A5A73A515DFE64400987952 /* Build configuration list for PBXProject "CameraWithTimer" */ = {
			isa = XCConfigurationList;
			buildConfigurations = (
				1A5A73DC15DFE64500987952 /* Debug */,
				1A5A73DD15DFE64500987952 /* Release */,
			);
			defaultConfigurationIsVisible = 0;
			defaultConfigurationName = Release;
		};
		1A5A73DE15DFE64500987952 /* Build configuration list for PBXNativeTarget "CameraWithTimer" */ = {
			isa = XCConfigurationList;
			buildConfigurations = (
				1A5A73DF15DFE64500987952 /* Debug */,
				1A5A73E015DFE64500987952 /* Release */,
			);
			defaultConfigurationIsVisible = 0;
		};
		1A5A73E115DFE64500987952 /* Build configuration list for PBXNativeTarget "CameraWithTimerTests" */ = {
			isa = XCConfigurationList;
			buildConfigurations = (
				1A5A73E215DFE64500987952 /* Debug */,
				1A5A73E315DFE64500987952 /* Release */,
			);
			defaultConfigurationIsVisible = 0;
		};
/* End XCConfigurationList section */
	};
	rootObject = 1A5A73A215DFE64400987952 /* Project object */;
}
