// !$*UTF8*$!
{
	archiveVersion = 1;
	classes = {
	};
	objectVersion = 46;
	objects = {

/* Begin PBXBuildFile section */
		1AD493AA15F9C7BD00C75848 /* UIKit.framework in Frameworks */ = {isa = PBXBuildFile; fileRef = 1AD493A915F9C7BD00C75848 /* UIKit.framework */; };
		1AD493AC15F9C7BD00C75848 /* Foundation.framework in Frameworks */ = {isa = PBXBuildFile; fileRef = 1AD493AB15F9C7BD00C75848 /* Foundation.framework */; };
		1AD493AE15F9C7BD00C75848 /* CoreGraphics.framework in Frameworks */ = {isa = PBXBuildFile; fileRef = 1AD493AD15F9C7BD00C75848 /* CoreGraphics.framework */; };
		1AD493B415F9C7BD00C75848 /* InfoPlist.strings in Resources */ = {isa = PBXBuildFile; fileRef = 1AD493B215F9C7BD00C75848 /* InfoPlist.strings */; };
		1AD493B615F9C7BD00C75848 /* main.m in Sources */ = {isa = PBXBuildFile; fileRef = 1AD493B515F9C7BD00C75848 /* main.m */; };
		1AD493BA15F9C7BD00C75848 /* glAppDelegate.m in Sources */ = {isa = PBXBuildFile; fileRef = 1AD493B915F9C7BD00C75848 /* glAppDelegate.m */; };
		1AD493BD15F9C7BD00C75848 /* glRootViewController.m in Sources */ = {isa = PBXBuildFile; fileRef = 1AD493BC15F9C7BD00C75848 /* glRootViewController.m */; };
		1AD493C015F9C7BD00C75848 /* glDataViewController.m in Sources */ = {isa = PBXBuildFile; fileRef = 1AD493BF15F9C7BD00C75848 /* glDataViewController.m */; };
		1AD493C315F9C7BD00C75848 /* glModelController.m in Sources */ = {isa = PBXBuildFile; fileRef = 1AD493C215F9C7BD00C75848 /* glModelController.m */; };
		1AD493C615F9C7BD00C75848 /* MainStoryboard.storyboard in Resources */ = {isa = PBXBuildFile; fileRef = 1AD493C415F9C7BD00C75848 /* MainStoryboard.storyboard */; };
		1AD493CE15F9C7BD00C75848 /* SenTestingKit.framework in Frameworks */ = {isa = PBXBuildFile; fileRef = 1AD493CD15F9C7BD00C75848 /* SenTestingKit.framework */; };
		1AD493CF15F9C7BD00C75848 /* UIKit.framework in Frameworks */ = {isa = PBXBuildFile; fileRef = 1AD493A915F9C7BD00C75848 /* UIKit.framework */; };
		1AD493D015F9C7BD00C75848 /* Foundation.framework in Frameworks */ = {isa = PBXBuildFile; fileRef = 1AD493AB15F9C7BD00C75848 /* Foundation.framework */; };
		1AD493D815F9C7BD00C75848 /* InfoPlist.strings in Resources */ = {isa = PBXBuildFile; fileRef = 1AD493D615F9C7BD00C75848 /* InfoPlist.strings */; };
		1AD493DB15F9C7BD00C75848 /* heaven_novelTests.m in Sources */ = {isa = PBXBuildFile; fileRef = 1AD493DA15F9C7BD00C75848 /* heaven_novelTests.m */; };
/* End PBXBuildFile section */

/* Begin PBXContainerItemProxy section */
		1AD493D115F9C7BD00C75848 /* PBXContainerItemProxy */ = {
			isa = PBXContainerItemProxy;
			containerPortal = 1AD4939C15F9C7BD00C75848 /* Project object */;
			proxyType = 1;
			remoteGlobalIDString = 1AD493A415F9C7BD00C75848;
			remoteInfo = heaven.novel;
		};
/* End PBXContainerItemProxy section */

/* Begin PBXFileReference section */
		1AD493A515F9C7BD00C75848 /* heaven.novel.app */ = {isa = PBXFileReference; explicitFileType = wrapper.application; includeInIndex = 0; path = heaven.novel.app; sourceTree = BUILT_PRODUCTS_DIR; };
		1AD493A915F9C7BD00C75848 /* UIKit.framework */ = {isa = PBXFileReference; lastKnownFileType = wrapper.framework; name = UIKit.framework; path = System/Library/Frameworks/UIKit.framework; sourceTree = SDKROOT; };
		1AD493AB15F9C7BD00C75848 /* Foundation.framework */ = {isa = PBXFileReference; lastKnownFileType = wrapper.framework; name = Foundation.framework; path = System/Library/Frameworks/Foundation.framework; sourceTree = SDKROOT; };
		1AD493AD15F9C7BD00C75848 /* CoreGraphics.framework */ = {isa = PBXFileReference; lastKnownFileType = wrapper.framework; name = CoreGraphics.framework; path = System/Library/Frameworks/CoreGraphics.framework; sourceTree = SDKROOT; };
		1AD493B115F9C7BD00C75848 /* heaven.novel-Info.plist */ = {isa = PBXFileReference; lastKnownFileType = text.plist.xml; path = "heaven.novel-Info.plist"; sourceTree = "<group>"; };
		1AD493B315F9C7BD00C75848 /* en */ = {isa = PBXFileReference; lastKnownFileType = text.plist.strings; name = en; path = en.lproj/InfoPlist.strings; sourceTree = "<group>"; };
		1AD493B515F9C7BD00C75848 /* main.m */ = {isa = PBXFileReference; lastKnownFileType = sourcecode.c.objc; path = main.m; sourceTree = "<group>"; };
		1AD493B715F9C7BD00C75848 /* heaven.novel-Prefix.pch */ = {isa = PBXFileReference; lastKnownFileType = sourcecode.c.h; path = "heaven.novel-Prefix.pch"; sourceTree = "<group>"; };
		1AD493B815F9C7BD00C75848 /* glAppDelegate.h */ = {isa = PBXFileReference; lastKnownFileType = sourcecode.c.h; path = glAppDelegate.h; sourceTree = "<group>"; };
		1AD493B915F9C7BD00C75848 /* glAppDelegate.m */ = {isa = PBXFileReference; lastKnownFileType = sourcecode.c.objc; path = glAppDelegate.m; sourceTree = "<group>"; };
		1AD493BB15F9C7BD00C75848 /* glRootViewController.h */ = {isa = PBXFileReference; lastKnownFileType = sourcecode.c.h; path = glRootViewController.h; sourceTree = "<group>"; };
		1AD493BC15F9C7BD00C75848 /* glRootViewController.m */ = {isa = PBXFileReference; lastKnownFileType = sourcecode.c.objc; path = glRootViewController.m; sourceTree = "<group>"; };
		1AD493BE15F9C7BD00C75848 /* glDataViewController.h */ = {isa = PBXFileReference; lastKnownFileType = sourcecode.c.h; path = glDataViewController.h; sourceTree = "<group>"; };
		1AD493BF15F9C7BD00C75848 /* glDataViewController.m */ = {isa = PBXFileReference; lastKnownFileType = sourcecode.c.objc; path = glDataViewController.m; sourceTree = "<group>"; };
		1AD493C115F9C7BD00C75848 /* glModelController.h */ = {isa = PBXFileReference; lastKnownFileType = sourcecode.c.h; path = glModelController.h; sourceTree = "<group>"; };
		1AD493C215F9C7BD00C75848 /* glModelController.m */ = {isa = PBXFileReference; lastKnownFileType = sourcecode.c.objc; path = glModelController.m; sourceTree = "<group>"; };
		1AD493C515F9C7BD00C75848 /* en */ = {isa = PBXFileReference; lastKnownFileType = file.storyboard; name = en; path = en.lproj/MainStoryboard.storyboard; sourceTree = "<group>"; };
		1AD493CC15F9C7BD00C75848 /* heaven.novelTests.octest */ = {isa = PBXFileReference; explicitFileType = wrapper.cfbundle; includeInIndex = 0; path = heaven.novelTests.octest; sourceTree = BUILT_PRODUCTS_DIR; };
		1AD493CD15F9C7BD00C75848 /* SenTestingKit.framework */ = {isa = PBXFileReference; lastKnownFileType = wrapper.framework; name = SenTestingKit.framework; path = Library/Frameworks/SenTestingKit.framework; sourceTree = DEVELOPER_DIR; };
		1AD493D515F9C7BD00C75848 /* heaven.novelTests-Info.plist */ = {isa = PBXFileReference; lastKnownFileType = text.plist.xml; path = "heaven.novelTests-Info.plist"; sourceTree = "<group>"; };
		1AD493D715F9C7BD00C75848 /* en */ = {isa = PBXFileReference; lastKnownFileType = text.plist.strings; name = en; path = en.lproj/InfoPlist.strings; sourceTree = "<group>"; };
		1AD493D915F9C7BD00C75848 /* heaven_novelTests.h */ = {isa = PBXFileReference; lastKnownFileType = sourcecode.c.h; path = heaven_novelTests.h; sourceTree = "<group>"; };
		1AD493DA15F9C7BD00C75848 /* heaven_novelTests.m */ = {isa = PBXFileReference; lastKnownFileType = sourcecode.c.objc; path = heaven_novelTests.m; sourceTree = "<group>"; };
/* End PBXFileReference section */

/* Begin PBXFrameworksBuildPhase section */
		1AD493A215F9C7BD00C75848 /* Frameworks */ = {
			isa = PBXFrameworksBuildPhase;
			buildActionMask = 2147483647;
			files = (
				1AD493AA15F9C7BD00C75848 /* UIKit.framework in Frameworks */,
				1AD493AC15F9C7BD00C75848 /* Foundation.framework in Frameworks */,
				1AD493AE15F9C7BD00C75848 /* CoreGraphics.framework in Frameworks */,
			);
			runOnlyForDeploymentPostprocessing = 0;
		};
		1AD493C815F9C7BD00C75848 /* Frameworks */ = {
			isa = PBXFrameworksBuildPhase;
			buildActionMask = 2147483647;
			files = (
				1AD493CE15F9C7BD00C75848 /* SenTestingKit.framework in Frameworks */,
				1AD493CF15F9C7BD00C75848 /* UIKit.framework in Frameworks */,
				1AD493D015F9C7BD00C75848 /* Foundation.framework in Frameworks */,
			);
			runOnlyForDeploymentPostprocessing = 0;
		};
/* End PBXFrameworksBuildPhase section */

/* Begin PBXGroup section */
		1AD4939A15F9C7BD00C75848 = {
			isa = PBXGroup;
			children = (
				1AD493AF15F9C7BD00C75848 /* heaven.novel */,
				1AD493D315F9C7BD00C75848 /* heaven.novelTests */,
				1AD493A815F9C7BD00C75848 /* Frameworks */,
				1AD493A615F9C7BD00C75848 /* Products */,
			);
			sourceTree = "<group>";
		};
		1AD493A615F9C7BD00C75848 /* Products */ = {
			isa = PBXGroup;
			children = (
				1AD493A515F9C7BD00C75848 /* heaven.novel.app */,
				1AD493CC15F9C7BD00C75848 /* heaven.novelTests.octest */,
			);
			name = Products;
			sourceTree = "<group>";
		};
		1AD493A815F9C7BD00C75848 /* Frameworks */ = {
			isa = PBXGroup;
			children = (
				1AD493A915F9C7BD00C75848 /* UIKit.framework */,
				1AD493AB15F9C7BD00C75848 /* Foundation.framework */,
				1AD493AD15F9C7BD00C75848 /* CoreGraphics.framework */,
				1AD493CD15F9C7BD00C75848 /* SenTestingKit.framework */,
			);
			name = Frameworks;
			sourceTree = "<group>";
		};
		1AD493AF15F9C7BD00C75848 /* heaven.novel */ = {
			isa = PBXGroup;
			children = (
				1AD493B815F9C7BD00C75848 /* glAppDelegate.h */,
				1AD493B915F9C7BD00C75848 /* glAppDelegate.m */,
				1AD493BB15F9C7BD00C75848 /* glRootViewController.h */,
				1AD493BC15F9C7BD00C75848 /* glRootViewController.m */,
				1AD493BE15F9C7BD00C75848 /* glDataViewController.h */,
				1AD493BF15F9C7BD00C75848 /* glDataViewController.m */,
				1AD493C115F9C7BD00C75848 /* glModelController.h */,
				1AD493C215F9C7BD00C75848 /* glModelController.m */,
				1AD493C415F9C7BD00C75848 /* MainStoryboard.storyboard */,
				1AD493B015F9C7BD00C75848 /* Supporting Files */,
			);
			path = heaven.novel;
			sourceTree = "<group>";
		};
		1AD493B015F9C7BD00C75848 /* Supporting Files */ = {
			isa = PBXGroup;
			children = (
				1AD493B115F9C7BD00C75848 /* heaven.novel-Info.plist */,
				1AD493B215F9C7BD00C75848 /* InfoPlist.strings */,
				1AD493B515F9C7BD00C75848 /* main.m */,
				1AD493B715F9C7BD00C75848 /* heaven.novel-Prefix.pch */,
			);
			name = "Supporting Files";
			sourceTree = "<group>";
		};
		1AD493D315F9C7BD00C75848 /* heaven.novelTests */ = {
			isa = PBXGroup;
			children = (
				1AD493D915F9C7BD00C75848 /* heaven_novelTests.h */,
				1AD493DA15F9C7BD00C75848 /* heaven_novelTests.m */,
				1AD493D415F9C7BD00C75848 /* Supporting Files */,
			);
			path = heaven.novelTests;
			sourceTree = "<group>";
		};
		1AD493D415F9C7BD00C75848 /* Supporting Files */ = {
			isa = PBXGroup;
			children = (
				1AD493D515F9C7BD00C75848 /* heaven.novelTests-Info.plist */,
				1AD493D615F9C7BD00C75848 /* InfoPlist.strings */,
			);
			name = "Supporting Files";
			sourceTree = "<group>";
		};
/* End PBXGroup section */

/* Begin PBXNativeTarget section */
		1AD493A415F9C7BD00C75848 /* heaven.novel */ = {
			isa = PBXNativeTarget;
			buildConfigurationList = 1AD493DE15F9C7BD00C75848 /* Build configuration list for PBXNativeTarget "heaven.novel" */;
			buildPhases = (
				1AD493A115F9C7BD00C75848 /* Sources */,
				1AD493A215F9C7BD00C75848 /* Frameworks */,
				1AD493A315F9C7BD00C75848 /* Resources */,
			);
			buildRules = (
			);
			dependencies = (
			);
			name = heaven.novel;
			productName = heaven.novel;
			productReference = 1AD493A515F9C7BD00C75848 /* heaven.novel.app */;
			productType = "com.apple.product-type.application";
		};
		1AD493CB15F9C7BD00C75848 /* heaven.novelTests */ = {
			isa = PBXNativeTarget;
			buildConfigurationList = 1AD493E115F9C7BD00C75848 /* Build configuration list for PBXNativeTarget "heaven.novelTests" */;
			buildPhases = (
				1AD493C715F9C7BD00C75848 /* Sources */,
				1AD493C815F9C7BD00C75848 /* Frameworks */,
				1AD493C915F9C7BD00C75848 /* Resources */,
				1AD493CA15F9C7BD00C75848 /* ShellScript */,
			);
			buildRules = (
			);
			dependencies = (
				1AD493D215F9C7BD00C75848 /* PBXTargetDependency */,
			);
			name = heaven.novelTests;
			productName = heaven.novelTests;
			productReference = 1AD493CC15F9C7BD00C75848 /* heaven.novelTests.octest */;
			productType = "com.apple.product-type.bundle";
		};
/* End PBXNativeTarget section */

/* Begin PBXProject section */
		1AD4939C15F9C7BD00C75848 /* Project object */ = {
			isa = PBXProject;
			attributes = {
				CLASSPREFIX = gl;
				LastUpgradeCheck = 0440;
				ORGANIZATIONNAME = Yosuke;
			};
			buildConfigurationList = 1AD4939F15F9C7BD00C75848 /* Build configuration list for PBXProject "heaven.novel" */;
			compatibilityVersion = "Xcode 3.2";
			developmentRegion = English;
			hasScannedForEncodings = 0;
			knownRegions = (
				en,
			);
			mainGroup = 1AD4939A15F9C7BD00C75848;
			productRefGroup = 1AD493A615F9C7BD00C75848 /* Products */;
			projectDirPath = "";
			projectRoot = "";
			targets = (
				1AD493A415F9C7BD00C75848 /* heaven.novel */,
				1AD493CB15F9C7BD00C75848 /* heaven.novelTests */,
			);
		};
/* End PBXProject section */

/* Begin PBXResourcesBuildPhase section */
		1AD493A315F9C7BD00C75848 /* Resources */ = {
			isa = PBXResourcesBuildPhase;
			buildActionMask = 2147483647;
			files = (
				1AD493B415F9C7BD00C75848 /* InfoPlist.strings in Resources */,
				1AD493C615F9C7BD00C75848 /* MainStoryboard.storyboard in Resources */,
			);
			runOnlyForDeploymentPostprocessing = 0;
		};
		1AD493C915F9C7BD00C75848 /* Resources */ = {
			isa = PBXResourcesBuildPhase;
			buildActionMask = 2147483647;
			files = (
				1AD493D815F9C7BD00C75848 /* InfoPlist.strings in Resources */,
			);
			runOnlyForDeploymentPostprocessing = 0;
		};
/* End PBXResourcesBuildPhase section */

/* Begin PBXShellScriptBuildPhase section */
		1AD493CA15F9C7BD00C75848 /* ShellScript */ = {
			isa = PBXShellScriptBuildPhase;
			buildActionMask = 2147483647;
			files = (
			);
			inputPaths = (
			);
			outputPaths = (
			);
			runOnlyForDeploymentPostprocessing = 0;
			shellPath = /bin/sh;
			shellScript = "# Run the unit tests in this test bundle.\n\"${SYSTEM_DEVELOPER_DIR}/Tools/RunUnitTests\"\n";
		};
/* End PBXShellScriptBuildPhase section */

/* Begin PBXSourcesBuildPhase section */
		1AD493A115F9C7BD00C75848 /* Sources */ = {
			isa = PBXSourcesBuildPhase;
			buildActionMask = 2147483647;
			files = (
				1AD493B615F9C7BD00C75848 /* main.m in Sources */,
				1AD493BA15F9C7BD00C75848 /* glAppDelegate.m in Sources */,
				1AD493BD15F9C7BD00C75848 /* glRootViewController.m in Sources */,
				1AD493C015F9C7BD00C75848 /* glDataViewController.m in Sources */,
				1AD493C315F9C7BD00C75848 /* glModelController.m in Sources */,
			);
			runOnlyForDeploymentPostprocessing = 0;
		};
		1AD493C715F9C7BD00C75848 /* Sources */ = {
			isa = PBXSourcesBuildPhase;
			buildActionMask = 2147483647;
			files = (
				1AD493DB15F9C7BD00C75848 /* heaven_novelTests.m in Sources */,
			);
			runOnlyForDeploymentPostprocessing = 0;
		};
/* End PBXSourcesBuildPhase section */

/* Begin PBXTargetDependency section */
		1AD493D215F9C7BD00C75848 /* PBXTargetDependency */ = {
			isa = PBXTargetDependency;
			target = 1AD493A415F9C7BD00C75848 /* heaven.novel */;
			targetProxy = 1AD493D115F9C7BD00C75848 /* PBXContainerItemProxy */;
		};
/* End PBXTargetDependency section */

/* Begin PBXVariantGroup section */
		1AD493B215F9C7BD00C75848 /* InfoPlist.strings */ = {
			isa = PBXVariantGroup;
			children = (
				1AD493B315F9C7BD00C75848 /* en */,
			);
			name = InfoPlist.strings;
			sourceTree = "<group>";
		};
		1AD493C415F9C7BD00C75848 /* MainStoryboard.storyboard */ = {
			isa = PBXVariantGroup;
			children = (
				1AD493C515F9C7BD00C75848 /* en */,
			);
			name = MainStoryboard.storyboard;
			sourceTree = "<group>";
		};
		1AD493D615F9C7BD00C75848 /* InfoPlist.strings */ = {
			isa = PBXVariantGroup;
			children = (
				1AD493D715F9C7BD00C75848 /* en */,
			);
			name = InfoPlist.strings;
			sourceTree = "<group>";
		};
/* End PBXVariantGroup section */

/* Begin XCBuildConfiguration section */
		1AD493DC15F9C7BD00C75848 /* Debug */ = {
			isa = XCBuildConfiguration;
			buildSettings = {
				ALWAYS_SEARCH_USER_PATHS = NO;
				ARCHS = "$(ARCHS_STANDARD_32_BIT)";
				CLANG_CXX_LANGUAGE_STANDARD = "gnu++0x";
				CLANG_ENABLE_OBJC_ARC = YES;
				CLANG_WARN__DUPLICATE_METHOD_MATCH = YES;
				"CODE_SIGN_IDENTITY[sdk=iphoneos*]" = "iPhone Developer";
				COPY_PHASE_STRIP = NO;
				GCC_C_LANGUAGE_STANDARD = gnu99;
				GCC_DYNAMIC_NO_PIC = NO;
				GCC_OPTIMIZATION_LEVEL = 0;
				GCC_PREPROCESSOR_DEFINITIONS = (
					"DEBUG=1",
					"$(inherited)",
				);
				GCC_SYMBOLS_PRIVATE_EXTERN = NO;
				GCC_VERSION = com.apple.compilers.llvm.clang.1_0;
				GCC_WARN_ABOUT_RETURN_TYPE = YES;
				GCC_WARN_UNINITIALIZED_AUTOS = YES;
				GCC_WARN_UNUSED_VARIABLE = YES;
				IPHONEOS_DEPLOYMENT_TARGET = 5.1;
				SDKROOT = iphoneos;
			};
			name = Debug;
		};
		1AD493DD15F9C7BD00C75848 /* Release */ = {
			isa = XCBuildConfiguration;
			buildSettings = {
				ALWAYS_SEARCH_USER_PATHS = NO;
				ARCHS = "$(ARCHS_STANDARD_32_BIT)";
				CLANG_CXX_LANGUAGE_STANDARD = "gnu++0x";
				CLANG_ENABLE_OBJC_ARC = YES;
				CLANG_WARN__DUPLICATE_METHOD_MATCH = YES;
				"CODE_SIGN_IDENTITY[sdk=iphoneos*]" = "iPhone Developer";
				COPY_PHASE_STRIP = YES;
				GCC_C_LANGUAGE_STANDARD = gnu99;
				GCC_VERSION = com.apple.compilers.llvm.clang.1_0;
				GCC_WARN_ABOUT_RETURN_TYPE = YES;
				GCC_WARN_UNINITIALIZED_AUTOS = YES;
				GCC_WARN_UNUSED_VARIABLE = YES;
				IPHONEOS_DEPLOYMENT_TARGET = 5.1;
				OTHER_CFLAGS = "-DNS_BLOCK_ASSERTIONS=1";
				SDKROOT = iphoneos;
				VALIDATE_PRODUCT = YES;
			};
			name = Release;
		};
		1AD493DF15F9C7BD00C75848 /* Debug */ = {
			isa = XCBuildConfiguration;
			buildSettings = {
				GCC_PRECOMPILE_PREFIX_HEADER = YES;
				GCC_PREFIX_HEADER = "heaven.novel/heaven.novel-Prefix.pch";
				INFOPLIST_FILE = "heaven.novel/heaven.novel-Info.plist";
				PRODUCT_NAME = "$(TARGET_NAME)";
				WRAPPER_EXTENSION = app;
			};
			name = Debug;
		};
		1AD493E015F9C7BD00C75848 /* Release */ = {
			isa = XCBuildConfiguration;
			buildSettings = {
				GCC_PRECOMPILE_PREFIX_HEADER = YES;
				GCC_PREFIX_HEADER = "heaven.novel/heaven.novel-Prefix.pch";
				INFOPLIST_FILE = "heaven.novel/heaven.novel-Info.plist";
				PRODUCT_NAME = "$(TARGET_NAME)";
				WRAPPER_EXTENSION = app;
			};
			name = Release;
		};
		1AD493E215F9C7BD00C75848 /* Debug */ = {
			isa = XCBuildConfiguration;
			buildSettings = {
				BUNDLE_LOADER = "$(BUILT_PRODUCTS_DIR)/heaven.novel.app/heaven.novel";
				FRAMEWORK_SEARCH_PATHS = (
					"\"$(SDKROOT)/Developer/Library/Frameworks\"",
					"\"$(DEVELOPER_LIBRARY_DIR)/Frameworks\"",
				);
				GCC_PRECOMPILE_PREFIX_HEADER = YES;
				GCC_PREFIX_HEADER = "heaven.novel/heaven.novel-Prefix.pch";
				INFOPLIST_FILE = "heaven.novelTests/heaven.novelTests-Info.plist";
				PRODUCT_NAME = "$(TARGET_NAME)";
				TEST_HOST = "$(BUNDLE_LOADER)";
				WRAPPER_EXTENSION = octest;
			};
			name = Debug;
		};
		1AD493E315F9C7BD00C75848 /* Release */ = {
			isa = XCBuildConfiguration;
			buildSettings = {
				BUNDLE_LOADER = "$(BUILT_PRODUCTS_DIR)/heaven.novel.app/heaven.novel";
				FRAMEWORK_SEARCH_PATHS = (
					"\"$(SDKROOT)/Developer/Library/Frameworks\"",
					"\"$(DEVELOPER_LIBRARY_DIR)/Frameworks\"",
				);
				GCC_PRECOMPILE_PREFIX_HEADER = YES;
				GCC_PREFIX_HEADER = "heaven.novel/heaven.novel-Prefix.pch";
				INFOPLIST_FILE = "heaven.novelTests/heaven.novelTests-Info.plist";
				PRODUCT_NAME = "$(TARGET_NAME)";
				TEST_HOST = "$(BUNDLE_LOADER)";
				WRAPPER_EXTENSION = octest;
			};
			name = Release;
		};
/* End XCBuildConfiguration section */

/* Begin XCConfigurationList section */
		1AD4939F15F9C7BD00C75848 /* Build configuration list for PBXProject "heaven.novel" */ = {
			isa = XCConfigurationList;
			buildConfigurations = (
				1AD493DC15F9C7BD00C75848 /* Debug */,
				1AD493DD15F9C7BD00C75848 /* Release */,
			);
			defaultConfigurationIsVisible = 0;
			defaultConfigurationName = Release;
		};
		1AD493DE15F9C7BD00C75848 /* Build configuration list for PBXNativeTarget "heaven.novel" */ = {
			isa = XCConfigurationList;
			buildConfigurations = (
				1AD493DF15F9C7BD00C75848 /* Debug */,
				1AD493E015F9C7BD00C75848 /* Release */,
			);
			defaultConfigurationIsVisible = 0;
		};
		1AD493E115F9C7BD00C75848 /* Build configuration list for PBXNativeTarget "heaven.novelTests" */ = {
			isa = XCConfigurationList;
			buildConfigurations = (
				1AD493E215F9C7BD00C75848 /* Debug */,
				1AD493E315F9C7BD00C75848 /* Release */,
			);
			defaultConfigurationIsVisible = 0;
		};
/* End XCConfigurationList section */
	};
	rootObject = 1AD4939C15F9C7BD00C75848 /* Project object */;
}
