// !$*UTF8*$!
{
	archiveVersion = 1;
	classes = {
	};
	objectVersion = 46;
	objects = {

/* Begin PBXBuildFile section */
		1A65D84C15EFA1600076D61D /* Cocoa.framework in Frameworks */ = {isa = PBXBuildFile; fileRef = 1A65D84B15EFA1600076D61D /* Cocoa.framework */; };
		1A65D84E15EFA1600076D61D /* RubyCocoa.framework in Frameworks */ = {isa = PBXBuildFile; fileRef = 1A65D84D15EFA1600076D61D /* RubyCocoa.framework */; };
		1A65D85815EFA1600076D61D /* InfoPlist.strings in Resources */ = {isa = PBXBuildFile; fileRef = 1A65D85615EFA1600076D61D /* InfoPlist.strings */; };
		1A65D85A15EFA1600076D61D /* main.m in Sources */ = {isa = PBXBuildFile; fileRef = 1A65D85915EFA1600076D61D /* main.m */; };
		1A65D85E15EFA1600076D61D /* Credits.rtf in Resources */ = {isa = PBXBuildFile; fileRef = 1A65D85C15EFA1600076D61D /* Credits.rtf */; };
		1A65D86015EFA1600076D61D /* rb_main.rb in Resources */ = {isa = PBXBuildFile; fileRef = 1A65D85F15EFA1600076D61D /* rb_main.rb */; };
		1A65D86215EFA1600076D61D /* rbtestAppDelegate.rb in Resources */ = {isa = PBXBuildFile; fileRef = 1A65D86115EFA1600076D61D /* rbtestAppDelegate.rb */; };
		1A65D86515EFA1600076D61D /* MainMenu.xib in Resources */ = {isa = PBXBuildFile; fileRef = 1A65D86315EFA1600076D61D /* MainMenu.xib */; };
		1A65D86815EFA1600076D61D /* rbtest.xcdatamodeld in Sources */ = {isa = PBXBuildFile; fileRef = 1A65D86615EFA1600076D61D /* rbtest.xcdatamodeld */; };
		1A65D86A15EFA1600076D61D /* MyDocument.rb in Resources */ = {isa = PBXBuildFile; fileRef = 1A65D86915EFA1600076D61D /* MyDocument.rb */; };
/* End PBXBuildFile section */

/* Begin PBXFileReference section */
		1A65D84715EFA15F0076D61D /* rbtest.app */ = {isa = PBXFileReference; explicitFileType = wrapper.application; includeInIndex = 0; path = rbtest.app; sourceTree = BUILT_PRODUCTS_DIR; };
		1A65D84B15EFA1600076D61D /* Cocoa.framework */ = {isa = PBXFileReference; lastKnownFileType = wrapper.framework; name = Cocoa.framework; path = System/Library/Frameworks/Cocoa.framework; sourceTree = SDKROOT; };
		1A65D84D15EFA1600076D61D /* RubyCocoa.framework */ = {isa = PBXFileReference; lastKnownFileType = wrapper.framework; name = RubyCocoa.framework; path = System/Library/Frameworks/RubyCocoa.framework; sourceTree = SDKROOT; };
		1A65D85015EFA1600076D61D /* AppKit.framework */ = {isa = PBXFileReference; lastKnownFileType = wrapper.framework; name = AppKit.framework; path = System/Library/Frameworks/AppKit.framework; sourceTree = SDKROOT; };
		1A65D85115EFA1600076D61D /* CoreData.framework */ = {isa = PBXFileReference; lastKnownFileType = wrapper.framework; name = CoreData.framework; path = System/Library/Frameworks/CoreData.framework; sourceTree = SDKROOT; };
		1A65D85215EFA1600076D61D /* Foundation.framework */ = {isa = PBXFileReference; lastKnownFileType = wrapper.framework; name = Foundation.framework; path = System/Library/Frameworks/Foundation.framework; sourceTree = SDKROOT; };
		1A65D85515EFA1600076D61D /* rbtest-Info.plist */ = {isa = PBXFileReference; lastKnownFileType = text.plist.xml; path = "rbtest-Info.plist"; sourceTree = "<group>"; };
		1A65D85715EFA1600076D61D /* en */ = {isa = PBXFileReference; lastKnownFileType = text.plist.strings; name = en; path = en.lproj/InfoPlist.strings; sourceTree = "<group>"; };
		1A65D85915EFA1600076D61D /* main.m */ = {isa = PBXFileReference; lastKnownFileType = sourcecode.c.objc; path = main.m; sourceTree = "<group>"; };
		1A65D85B15EFA1600076D61D /* rbtest-Prefix.pch */ = {isa = PBXFileReference; lastKnownFileType = sourcecode.c.h; path = "rbtest-Prefix.pch"; sourceTree = "<group>"; };
		1A65D85D15EFA1600076D61D /* en */ = {isa = PBXFileReference; lastKnownFileType = text.rtf; name = en; path = en.lproj/Credits.rtf; sourceTree = "<group>"; };
		1A65D85F15EFA1600076D61D /* rb_main.rb */ = {isa = PBXFileReference; lastKnownFileType = text.script.ruby; path = rb_main.rb; sourceTree = "<group>"; };
		1A65D86115EFA1600076D61D /* rbtestAppDelegate.rb */ = {isa = PBXFileReference; lastKnownFileType = text.script.ruby; path = rbtestAppDelegate.rb; sourceTree = "<group>"; };
		1A65D86415EFA1600076D61D /* en */ = {isa = PBXFileReference; lastKnownFileType = file.xib; name = en; path = en.lproj/MainMenu.xib; sourceTree = "<group>"; };
		1A65D86715EFA1600076D61D /* rbtest.xcdatamodel */ = {isa = PBXFileReference; lastKnownFileType = wrapper.xcdatamodel; path = rbtest.xcdatamodel; sourceTree = "<group>"; };
		1A65D86915EFA1600076D61D /* MyDocument.rb */ = {isa = PBXFileReference; lastKnownFileType = text.script.ruby; path = MyDocument.rb; sourceTree = "<group>"; };
/* End PBXFileReference section */

/* Begin PBXFrameworksBuildPhase section */
		1A65D84415EFA15F0076D61D /* Frameworks */ = {
			isa = PBXFrameworksBuildPhase;
			buildActionMask = 2147483647;
			files = (
				1A65D84C15EFA1600076D61D /* Cocoa.framework in Frameworks */,
				1A65D84E15EFA1600076D61D /* RubyCocoa.framework in Frameworks */,
			);
			runOnlyForDeploymentPostprocessing = 0;
		};
/* End PBXFrameworksBuildPhase section */

/* Begin PBXGroup section */
		1A65D83C15EFA15F0076D61D = {
			isa = PBXGroup;
			children = (
				1A65D85315EFA1600076D61D /* rbtest */,
				1A65D84A15EFA15F0076D61D /* Frameworks */,
				1A65D84815EFA15F0076D61D /* Products */,
			);
			sourceTree = "<group>";
		};
		1A65D84815EFA15F0076D61D /* Products */ = {
			isa = PBXGroup;
			children = (
				1A65D84715EFA15F0076D61D /* rbtest.app */,
			);
			name = Products;
			sourceTree = "<group>";
		};
		1A65D84A15EFA15F0076D61D /* Frameworks */ = {
			isa = PBXGroup;
			children = (
				1A65D84B15EFA1600076D61D /* Cocoa.framework */,
				1A65D84D15EFA1600076D61D /* RubyCocoa.framework */,
				1A65D84F15EFA1600076D61D /* Other Frameworks */,
			);
			name = Frameworks;
			sourceTree = "<group>";
		};
		1A65D84F15EFA1600076D61D /* Other Frameworks */ = {
			isa = PBXGroup;
			children = (
				1A65D85015EFA1600076D61D /* AppKit.framework */,
				1A65D85115EFA1600076D61D /* CoreData.framework */,
				1A65D85215EFA1600076D61D /* Foundation.framework */,
			);
			name = "Other Frameworks";
			sourceTree = "<group>";
		};
		1A65D85315EFA1600076D61D /* rbtest */ = {
			isa = PBXGroup;
			children = (
				1A65D86115EFA1600076D61D /* rbtestAppDelegate.rb */,
				1A65D86315EFA1600076D61D /* MainMenu.xib */,
				1A65D86915EFA1600076D61D /* MyDocument.rb */,
				1A65D86615EFA1600076D61D /* rbtest.xcdatamodeld */,
				1A65D85415EFA1600076D61D /* Supporting Files */,
			);
			path = rbtest;
			sourceTree = "<group>";
		};
		1A65D85415EFA1600076D61D /* Supporting Files */ = {
			isa = PBXGroup;
			children = (
				1A65D85515EFA1600076D61D /* rbtest-Info.plist */,
				1A65D85615EFA1600076D61D /* InfoPlist.strings */,
				1A65D85915EFA1600076D61D /* main.m */,
				1A65D85B15EFA1600076D61D /* rbtest-Prefix.pch */,
				1A65D85C15EFA1600076D61D /* Credits.rtf */,
				1A65D85F15EFA1600076D61D /* rb_main.rb */,
			);
			name = "Supporting Files";
			sourceTree = "<group>";
		};
/* End PBXGroup section */

/* Begin PBXNativeTarget section */
		1A65D84615EFA15F0076D61D /* rbtest */ = {
			isa = PBXNativeTarget;
			buildConfigurationList = 1A65D86D15EFA1600076D61D /* Build configuration list for PBXNativeTarget "rbtest" */;
			buildPhases = (
				1A65D84315EFA15F0076D61D /* Sources */,
				1A65D84415EFA15F0076D61D /* Frameworks */,
				1A65D84515EFA15F0076D61D /* Resources */,
			);
			buildRules = (
			);
			dependencies = (
			);
			name = rbtest;
			productName = rbtest;
			productReference = 1A65D84715EFA15F0076D61D /* rbtest.app */;
			productType = "com.apple.product-type.application";
		};
/* End PBXNativeTarget section */

/* Begin PBXProject section */
		1A65D83E15EFA15F0076D61D /* Project object */ = {
			isa = PBXProject;
			attributes = {
				LastUpgradeCheck = 0440;
				ORGANIZATIONNAME = Yosuke;
			};
			buildConfigurationList = 1A65D84115EFA15F0076D61D /* Build configuration list for PBXProject "rbtest" */;
			compatibilityVersion = "Xcode 3.2";
			developmentRegion = English;
			hasScannedForEncodings = 0;
			knownRegions = (
				en,
			);
			mainGroup = 1A65D83C15EFA15F0076D61D;
			productRefGroup = 1A65D84815EFA15F0076D61D /* Products */;
			projectDirPath = "";
			projectRoot = "";
			targets = (
				1A65D84615EFA15F0076D61D /* rbtest */,
			);
		};
/* End PBXProject section */

/* Begin PBXResourcesBuildPhase section */
		1A65D84515EFA15F0076D61D /* Resources */ = {
			isa = PBXResourcesBuildPhase;
			buildActionMask = 2147483647;
			files = (
				1A65D85815EFA1600076D61D /* InfoPlist.strings in Resources */,
				1A65D85E15EFA1600076D61D /* Credits.rtf in Resources */,
				1A65D86015EFA1600076D61D /* rb_main.rb in Resources */,
				1A65D86215EFA1600076D61D /* rbtestAppDelegate.rb in Resources */,
				1A65D86515EFA1600076D61D /* MainMenu.xib in Resources */,
				1A65D86A15EFA1600076D61D /* MyDocument.rb in Resources */,
			);
			runOnlyForDeploymentPostprocessing = 0;
		};
/* End PBXResourcesBuildPhase section */

/* Begin PBXSourcesBuildPhase section */
		1A65D84315EFA15F0076D61D /* Sources */ = {
			isa = PBXSourcesBuildPhase;
			buildActionMask = 2147483647;
			files = (
				1A65D85A15EFA1600076D61D /* main.m in Sources */,
				1A65D86815EFA1600076D61D /* rbtest.xcdatamodeld in Sources */,
			);
			runOnlyForDeploymentPostprocessing = 0;
		};
/* End PBXSourcesBuildPhase section */

/* Begin PBXVariantGroup section */
		1A65D85615EFA1600076D61D /* InfoPlist.strings */ = {
			isa = PBXVariantGroup;
			children = (
				1A65D85715EFA1600076D61D /* en */,
			);
			name = InfoPlist.strings;
			sourceTree = "<group>";
		};
		1A65D85C15EFA1600076D61D /* Credits.rtf */ = {
			isa = PBXVariantGroup;
			children = (
				1A65D85D15EFA1600076D61D /* en */,
			);
			name = Credits.rtf;
			sourceTree = "<group>";
		};
		1A65D86315EFA1600076D61D /* MainMenu.xib */ = {
			isa = PBXVariantGroup;
			children = (
				1A65D86415EFA1600076D61D /* en */,
			);
			name = MainMenu.xib;
			sourceTree = "<group>";
		};
/* End PBXVariantGroup section */

/* Begin XCBuildConfiguration section */
		1A65D86B15EFA1600076D61D /* Debug */ = {
			isa = XCBuildConfiguration;
			buildSettings = {
				ALWAYS_SEARCH_USER_PATHS = NO;
				ARCHS = "$(ARCHS_STANDARD_64_BIT)";
				CLANG_CXX_LANGUAGE_STANDARD = "gnu++0x";
				CLANG_WARN__DUPLICATE_METHOD_MATCH = YES;
				COPY_PHASE_STRIP = NO;
				GCC_C_LANGUAGE_STANDARD = gnu99;
				GCC_DYNAMIC_NO_PIC = NO;
				GCC_ENABLE_OBJC_EXCEPTIONS = YES;
				GCC_OPTIMIZATION_LEVEL = 0;
				GCC_PREPROCESSOR_DEFINITIONS = (
					"DEBUG=1",
					"$(inherited)",
				);
				GCC_SYMBOLS_PRIVATE_EXTERN = NO;
				GCC_WARN_64_TO_32_BIT_CONVERSION = YES;
				GCC_WARN_ABOUT_RETURN_TYPE = YES;
				GCC_WARN_UNINITIALIZED_AUTOS = YES;
				GCC_WARN_UNUSED_VARIABLE = YES;
				MACOSX_DEPLOYMENT_TARGET = 10.8;
				ONLY_ACTIVE_ARCH = YES;
				SDKROOT = macosx;
			};
			name = Debug;
		};
		1A65D86C15EFA1600076D61D /* Release */ = {
			isa = XCBuildConfiguration;
			buildSettings = {
				ALWAYS_SEARCH_USER_PATHS = NO;
				ARCHS = "$(ARCHS_STANDARD_64_BIT)";
				CLANG_CXX_LANGUAGE_STANDARD = "gnu++0x";
				CLANG_WARN__DUPLICATE_METHOD_MATCH = YES;
				COPY_PHASE_STRIP = YES;
				DEBUG_INFORMATION_FORMAT = "dwarf-with-dsym";
				GCC_C_LANGUAGE_STANDARD = gnu99;
				GCC_ENABLE_OBJC_EXCEPTIONS = YES;
				GCC_WARN_64_TO_32_BIT_CONVERSION = YES;
				GCC_WARN_ABOUT_RETURN_TYPE = YES;
				GCC_WARN_UNINITIALIZED_AUTOS = YES;
				GCC_WARN_UNUSED_VARIABLE = YES;
				MACOSX_DEPLOYMENT_TARGET = 10.8;
				SDKROOT = macosx;
			};
			name = Release;
		};
		1A65D86E15EFA1600076D61D /* Debug */ = {
			isa = XCBuildConfiguration;
			buildSettings = {
				GCC_PRECOMPILE_PREFIX_HEADER = YES;
				GCC_PREFIX_HEADER = "rbtest/rbtest-Prefix.pch";
				INFOPLIST_FILE = "rbtest/rbtest-Info.plist";
				PRODUCT_NAME = "$(TARGET_NAME)";
				WRAPPER_EXTENSION = app;
			};
			name = Debug;
		};
		1A65D86F15EFA1600076D61D /* Release */ = {
			isa = XCBuildConfiguration;
			buildSettings = {
				GCC_PRECOMPILE_PREFIX_HEADER = YES;
				GCC_PREFIX_HEADER = "rbtest/rbtest-Prefix.pch";
				INFOPLIST_FILE = "rbtest/rbtest-Info.plist";
				PRODUCT_NAME = "$(TARGET_NAME)";
				WRAPPER_EXTENSION = app;
			};
			name = Release;
		};
/* End XCBuildConfiguration section */

/* Begin XCConfigurationList section */
		1A65D84115EFA15F0076D61D /* Build configuration list for PBXProject "rbtest" */ = {
			isa = XCConfigurationList;
			buildConfigurations = (
				1A65D86B15EFA1600076D61D /* Debug */,
				1A65D86C15EFA1600076D61D /* Release */,
			);
			defaultConfigurationIsVisible = 0;
			defaultConfigurationName = Release;
		};
		1A65D86D15EFA1600076D61D /* Build configuration list for PBXNativeTarget "rbtest" */ = {
			isa = XCConfigurationList;
			buildConfigurations = (
				1A65D86E15EFA1600076D61D /* Debug */,
				1A65D86F15EFA1600076D61D /* Release */,
			);
			defaultConfigurationIsVisible = 0;
		};
/* End XCConfigurationList section */

/* Begin XCVersionGroup section */
		1A65D86615EFA1600076D61D /* rbtest.xcdatamodeld */ = {
			isa = XCVersionGroup;
			children = (
				1A65D86715EFA1600076D61D /* rbtest.xcdatamodel */,
			);
			currentVersion = 1A65D86715EFA1600076D61D /* rbtest.xcdatamodel */;
			path = rbtest.xcdatamodeld;
			sourceTree = "<group>";
			versionGroupType = wrapper.xcdatamodel;
		};
/* End XCVersionGroup section */
	};
	rootObject = 1A65D83E15EFA15F0076D61D /* Project object */;
}
