// !$*UTF8*$!
{
	archiveVersion = 1;
	classes = {
	};
	objectVersion = 46;
	objects = {

/* Begin PBXBuildFile section */
		1AE0604415E9BDEB00CC2BAF /* UIKit.framework in Frameworks */ = {isa = PBXBuildFile; fileRef = 1AE0604315E9BDEB00CC2BAF /* UIKit.framework */; };
		1AE0604615E9BDEB00CC2BAF /* Foundation.framework in Frameworks */ = {isa = PBXBuildFile; fileRef = 1AE0604515E9BDEB00CC2BAF /* Foundation.framework */; };
		1AE0604815E9BDEB00CC2BAF /* CoreGraphics.framework in Frameworks */ = {isa = PBXBuildFile; fileRef = 1AE0604715E9BDEB00CC2BAF /* CoreGraphics.framework */; };
		1AE0604A15E9BDEB00CC2BAF /* GLKit.framework in Frameworks */ = {isa = PBXBuildFile; fileRef = 1AE0604915E9BDEB00CC2BAF /* GLKit.framework */; };
		1AE0604C15E9BDEB00CC2BAF /* OpenGLES.framework in Frameworks */ = {isa = PBXBuildFile; fileRef = 1AE0604B15E9BDEB00CC2BAF /* OpenGLES.framework */; };
		1AE0605215E9BDEB00CC2BAF /* InfoPlist.strings in Resources */ = {isa = PBXBuildFile; fileRef = 1AE0605015E9BDEB00CC2BAF /* InfoPlist.strings */; };
		1AE0605415E9BDEB00CC2BAF /* main.m in Sources */ = {isa = PBXBuildFile; fileRef = 1AE0605315E9BDEB00CC2BAF /* main.m */; };
		1AE0605815E9BDEB00CC2BAF /* glAppDelegate.m in Sources */ = {isa = PBXBuildFile; fileRef = 1AE0605715E9BDEB00CC2BAF /* glAppDelegate.m */; };
		1AE0605B15E9BDEB00CC2BAF /* MainStoryboard.storyboard in Resources */ = {isa = PBXBuildFile; fileRef = 1AE0605915E9BDEB00CC2BAF /* MainStoryboard.storyboard */; };
		1AE0605D15E9BDEB00CC2BAF /* Shader.fsh in Resources */ = {isa = PBXBuildFile; fileRef = 1AE0605C15E9BDEB00CC2BAF /* Shader.fsh */; };
		1AE0605F15E9BDEB00CC2BAF /* Shader.vsh in Resources */ = {isa = PBXBuildFile; fileRef = 1AE0605E15E9BDEB00CC2BAF /* Shader.vsh */; };
		1AE0606215E9BDEB00CC2BAF /* glViewController.m in Sources */ = {isa = PBXBuildFile; fileRef = 1AE0606115E9BDEB00CC2BAF /* glViewController.m */; };
		1AE0606A15E9BDEB00CC2BAF /* SenTestingKit.framework in Frameworks */ = {isa = PBXBuildFile; fileRef = 1AE0606915E9BDEB00CC2BAF /* SenTestingKit.framework */; };
		1AE0606B15E9BDEB00CC2BAF /* UIKit.framework in Frameworks */ = {isa = PBXBuildFile; fileRef = 1AE0604315E9BDEB00CC2BAF /* UIKit.framework */; };
		1AE0606C15E9BDEB00CC2BAF /* Foundation.framework in Frameworks */ = {isa = PBXBuildFile; fileRef = 1AE0604515E9BDEB00CC2BAF /* Foundation.framework */; };
		1AE0607415E9BDEB00CC2BAF /* InfoPlist.strings in Resources */ = {isa = PBXBuildFile; fileRef = 1AE0607215E9BDEB00CC2BAF /* InfoPlist.strings */; };
		1AE0607715E9BDEB00CC2BAF /* racegameTests.m in Sources */ = {isa = PBXBuildFile; fileRef = 1AE0607615E9BDEB00CC2BAF /* racegameTests.m */; };
/* End PBXBuildFile section */

/* Begin PBXContainerItemProxy section */
		1AE0606D15E9BDEB00CC2BAF /* PBXContainerItemProxy */ = {
			isa = PBXContainerItemProxy;
			containerPortal = 1AE0603615E9BDEB00CC2BAF /* Project object */;
			proxyType = 1;
			remoteGlobalIDString = 1AE0603E15E9BDEB00CC2BAF;
			remoteInfo = racegame;
		};
/* End PBXContainerItemProxy section */

/* Begin PBXFileReference section */
		1AE0603F15E9BDEB00CC2BAF /* racegame.app */ = {isa = PBXFileReference; explicitFileType = wrapper.application; includeInIndex = 0; path = racegame.app; sourceTree = BUILT_PRODUCTS_DIR; };
		1AE0604315E9BDEB00CC2BAF /* UIKit.framework */ = {isa = PBXFileReference; lastKnownFileType = wrapper.framework; name = UIKit.framework; path = System/Library/Frameworks/UIKit.framework; sourceTree = SDKROOT; };
		1AE0604515E9BDEB00CC2BAF /* Foundation.framework */ = {isa = PBXFileReference; lastKnownFileType = wrapper.framework; name = Foundation.framework; path = System/Library/Frameworks/Foundation.framework; sourceTree = SDKROOT; };
		1AE0604715E9BDEB00CC2BAF /* CoreGraphics.framework */ = {isa = PBXFileReference; lastKnownFileType = wrapper.framework; name = CoreGraphics.framework; path = System/Library/Frameworks/CoreGraphics.framework; sourceTree = SDKROOT; };
		1AE0604915E9BDEB00CC2BAF /* GLKit.framework */ = {isa = PBXFileReference; lastKnownFileType = wrapper.framework; name = GLKit.framework; path = System/Library/Frameworks/GLKit.framework; sourceTree = SDKROOT; };
		1AE0604B15E9BDEB00CC2BAF /* OpenGLES.framework */ = {isa = PBXFileReference; lastKnownFileType = wrapper.framework; name = OpenGLES.framework; path = System/Library/Frameworks/OpenGLES.framework; sourceTree = SDKROOT; };
		1AE0604F15E9BDEB00CC2BAF /* racegame-Info.plist */ = {isa = PBXFileReference; lastKnownFileType = text.plist.xml; path = "racegame-Info.plist"; sourceTree = "<group>"; };
		1AE0605115E9BDEB00CC2BAF /* en */ = {isa = PBXFileReference; lastKnownFileType = text.plist.strings; name = en; path = en.lproj/InfoPlist.strings; sourceTree = "<group>"; };
		1AE0605315E9BDEB00CC2BAF /* main.m */ = {isa = PBXFileReference; lastKnownFileType = sourcecode.c.objc; path = main.m; sourceTree = "<group>"; };
		1AE0605515E9BDEB00CC2BAF /* racegame-Prefix.pch */ = {isa = PBXFileReference; lastKnownFileType = sourcecode.c.h; path = "racegame-Prefix.pch"; sourceTree = "<group>"; };
		1AE0605615E9BDEB00CC2BAF /* glAppDelegate.h */ = {isa = PBXFileReference; lastKnownFileType = sourcecode.c.h; path = glAppDelegate.h; sourceTree = "<group>"; };
		1AE0605715E9BDEB00CC2BAF /* glAppDelegate.m */ = {isa = PBXFileReference; lastKnownFileType = sourcecode.c.objc; path = glAppDelegate.m; sourceTree = "<group>"; };
		1AE0605A15E9BDEB00CC2BAF /* en */ = {isa = PBXFileReference; lastKnownFileType = file.storyboard; name = en; path = en.lproj/MainStoryboard.storyboard; sourceTree = "<group>"; };
		1AE0605C15E9BDEB00CC2BAF /* Shader.fsh */ = {isa = PBXFileReference; lastKnownFileType = sourcecode.glsl; name = Shader.fsh; path = Shaders/Shader.fsh; sourceTree = "<group>"; };
		1AE0605E15E9BDEB00CC2BAF /* Shader.vsh */ = {isa = PBXFileReference; lastKnownFileType = sourcecode.glsl; name = Shader.vsh; path = Shaders/Shader.vsh; sourceTree = "<group>"; };
		1AE0606015E9BDEB00CC2BAF /* glViewController.h */ = {isa = PBXFileReference; lastKnownFileType = sourcecode.c.h; path = glViewController.h; sourceTree = "<group>"; };
		1AE0606115E9BDEB00CC2BAF /* glViewController.m */ = {isa = PBXFileReference; lastKnownFileType = sourcecode.c.objc; path = glViewController.m; sourceTree = "<group>"; };
		1AE0606815E9BDEB00CC2BAF /* racegameTests.octest */ = {isa = PBXFileReference; explicitFileType = wrapper.cfbundle; includeInIndex = 0; path = racegameTests.octest; sourceTree = BUILT_PRODUCTS_DIR; };
		1AE0606915E9BDEB00CC2BAF /* SenTestingKit.framework */ = {isa = PBXFileReference; lastKnownFileType = wrapper.framework; name = SenTestingKit.framework; path = Library/Frameworks/SenTestingKit.framework; sourceTree = DEVELOPER_DIR; };
		1AE0607115E9BDEB00CC2BAF /* racegameTests-Info.plist */ = {isa = PBXFileReference; lastKnownFileType = text.plist.xml; path = "racegameTests-Info.plist"; sourceTree = "<group>"; };
		1AE0607315E9BDEB00CC2BAF /* en */ = {isa = PBXFileReference; lastKnownFileType = text.plist.strings; name = en; path = en.lproj/InfoPlist.strings; sourceTree = "<group>"; };
		1AE0607515E9BDEB00CC2BAF /* racegameTests.h */ = {isa = PBXFileReference; lastKnownFileType = sourcecode.c.h; path = racegameTests.h; sourceTree = "<group>"; };
		1AE0607615E9BDEB00CC2BAF /* racegameTests.m */ = {isa = PBXFileReference; lastKnownFileType = sourcecode.c.objc; path = racegameTests.m; sourceTree = "<group>"; };
/* End PBXFileReference section */

/* Begin PBXFrameworksBuildPhase section */
		1AE0603C15E9BDEB00CC2BAF /* Frameworks */ = {
			isa = PBXFrameworksBuildPhase;
			buildActionMask = 2147483647;
			files = (
				1AE0604415E9BDEB00CC2BAF /* UIKit.framework in Frameworks */,
				1AE0604615E9BDEB00CC2BAF /* Foundation.framework in Frameworks */,
				1AE0604815E9BDEB00CC2BAF /* CoreGraphics.framework in Frameworks */,
				1AE0604A15E9BDEB00CC2BAF /* GLKit.framework in Frameworks */,
				1AE0604C15E9BDEB00CC2BAF /* OpenGLES.framework in Frameworks */,
			);
			runOnlyForDeploymentPostprocessing = 0;
		};
		1AE0606415E9BDEB00CC2BAF /* Frameworks */ = {
			isa = PBXFrameworksBuildPhase;
			buildActionMask = 2147483647;
			files = (
				1AE0606A15E9BDEB00CC2BAF /* SenTestingKit.framework in Frameworks */,
				1AE0606B15E9BDEB00CC2BAF /* UIKit.framework in Frameworks */,
				1AE0606C15E9BDEB00CC2BAF /* Foundation.framework in Frameworks */,
			);
			runOnlyForDeploymentPostprocessing = 0;
		};
/* End PBXFrameworksBuildPhase section */

/* Begin PBXGroup section */
		1AE0603415E9BDEB00CC2BAF = {
			isa = PBXGroup;
			children = (
				1AE0604D15E9BDEB00CC2BAF /* racegame */,
				1AE0606F15E9BDEB00CC2BAF /* racegameTests */,
				1AE0604215E9BDEB00CC2BAF /* Frameworks */,
				1AE0604015E9BDEB00CC2BAF /* Products */,
			);
			sourceTree = "<group>";
		};
		1AE0604015E9BDEB00CC2BAF /* Products */ = {
			isa = PBXGroup;
			children = (
				1AE0603F15E9BDEB00CC2BAF /* racegame.app */,
				1AE0606815E9BDEB00CC2BAF /* racegameTests.octest */,
			);
			name = Products;
			sourceTree = "<group>";
		};
		1AE0604215E9BDEB00CC2BAF /* Frameworks */ = {
			isa = PBXGroup;
			children = (
				1AE0604315E9BDEB00CC2BAF /* UIKit.framework */,
				1AE0604515E9BDEB00CC2BAF /* Foundation.framework */,
				1AE0604715E9BDEB00CC2BAF /* CoreGraphics.framework */,
				1AE0604915E9BDEB00CC2BAF /* GLKit.framework */,
				1AE0604B15E9BDEB00CC2BAF /* OpenGLES.framework */,
				1AE0606915E9BDEB00CC2BAF /* SenTestingKit.framework */,
			);
			name = Frameworks;
			sourceTree = "<group>";
		};
		1AE0604D15E9BDEB00CC2BAF /* racegame */ = {
			isa = PBXGroup;
			children = (
				1AE0605615E9BDEB00CC2BAF /* glAppDelegate.h */,
				1AE0605715E9BDEB00CC2BAF /* glAppDelegate.m */,
				1AE0605915E9BDEB00CC2BAF /* MainStoryboard.storyboard */,
				1AE0605C15E9BDEB00CC2BAF /* Shader.fsh */,
				1AE0605E15E9BDEB00CC2BAF /* Shader.vsh */,
				1AE0606015E9BDEB00CC2BAF /* glViewController.h */,
				1AE0606115E9BDEB00CC2BAF /* glViewController.m */,
				1AE0604E15E9BDEB00CC2BAF /* Supporting Files */,
			);
			path = racegame;
			sourceTree = "<group>";
		};
		1AE0604E15E9BDEB00CC2BAF /* Supporting Files */ = {
			isa = PBXGroup;
			children = (
				1AE0604F15E9BDEB00CC2BAF /* racegame-Info.plist */,
				1AE0605015E9BDEB00CC2BAF /* InfoPlist.strings */,
				1AE0605315E9BDEB00CC2BAF /* main.m */,
				1AE0605515E9BDEB00CC2BAF /* racegame-Prefix.pch */,
			);
			name = "Supporting Files";
			sourceTree = "<group>";
		};
		1AE0606F15E9BDEB00CC2BAF /* racegameTests */ = {
			isa = PBXGroup;
			children = (
				1AE0607515E9BDEB00CC2BAF /* racegameTests.h */,
				1AE0607615E9BDEB00CC2BAF /* racegameTests.m */,
				1AE0607015E9BDEB00CC2BAF /* Supporting Files */,
			);
			path = racegameTests;
			sourceTree = "<group>";
		};
		1AE0607015E9BDEB00CC2BAF /* Supporting Files */ = {
			isa = PBXGroup;
			children = (
				1AE0607115E9BDEB00CC2BAF /* racegameTests-Info.plist */,
				1AE0607215E9BDEB00CC2BAF /* InfoPlist.strings */,
			);
			name = "Supporting Files";
			sourceTree = "<group>";
		};
/* End PBXGroup section */

/* Begin PBXNativeTarget section */
		1AE0603E15E9BDEB00CC2BAF /* racegame */ = {
			isa = PBXNativeTarget;
			buildConfigurationList = 1AE0607A15E9BDEB00CC2BAF /* Build configuration list for PBXNativeTarget "racegame" */;
			buildPhases = (
				1AE0603B15E9BDEB00CC2BAF /* Sources */,
				1AE0603C15E9BDEB00CC2BAF /* Frameworks */,
				1AE0603D15E9BDEB00CC2BAF /* Resources */,
			);
			buildRules = (
			);
			dependencies = (
			);
			name = racegame;
			productName = racegame;
			productReference = 1AE0603F15E9BDEB00CC2BAF /* racegame.app */;
			productType = "com.apple.product-type.application";
		};
		1AE0606715E9BDEB00CC2BAF /* racegameTests */ = {
			isa = PBXNativeTarget;
			buildConfigurationList = 1AE0607D15E9BDEB00CC2BAF /* Build configuration list for PBXNativeTarget "racegameTests" */;
			buildPhases = (
				1AE0606315E9BDEB00CC2BAF /* Sources */,
				1AE0606415E9BDEB00CC2BAF /* Frameworks */,
				1AE0606515E9BDEB00CC2BAF /* Resources */,
				1AE0606615E9BDEB00CC2BAF /* ShellScript */,
			);
			buildRules = (
			);
			dependencies = (
				1AE0606E15E9BDEB00CC2BAF /* PBXTargetDependency */,
			);
			name = racegameTests;
			productName = racegameTests;
			productReference = 1AE0606815E9BDEB00CC2BAF /* racegameTests.octest */;
			productType = "com.apple.product-type.bundle";
		};
/* End PBXNativeTarget section */

/* Begin PBXProject section */
		1AE0603615E9BDEB00CC2BAF /* Project object */ = {
			isa = PBXProject;
			attributes = {
				CLASSPREFIX = gl;
				LastUpgradeCheck = 0440;
				ORGANIZATIONNAME = Yosuke;
			};
			buildConfigurationList = 1AE0603915E9BDEB00CC2BAF /* Build configuration list for PBXProject "racegame" */;
			compatibilityVersion = "Xcode 3.2";
			developmentRegion = English;
			hasScannedForEncodings = 0;
			knownRegions = (
				en,
			);
			mainGroup = 1AE0603415E9BDEB00CC2BAF;
			productRefGroup = 1AE0604015E9BDEB00CC2BAF /* Products */;
			projectDirPath = "";
			projectRoot = "";
			targets = (
				1AE0603E15E9BDEB00CC2BAF /* racegame */,
				1AE0606715E9BDEB00CC2BAF /* racegameTests */,
			);
		};
/* End PBXProject section */

/* Begin PBXResourcesBuildPhase section */
		1AE0603D15E9BDEB00CC2BAF /* Resources */ = {
			isa = PBXResourcesBuildPhase;
			buildActionMask = 2147483647;
			files = (
				1AE0605215E9BDEB00CC2BAF /* InfoPlist.strings in Resources */,
				1AE0605B15E9BDEB00CC2BAF /* MainStoryboard.storyboard in Resources */,
				1AE0605D15E9BDEB00CC2BAF /* Shader.fsh in Resources */,
				1AE0605F15E9BDEB00CC2BAF /* Shader.vsh in Resources */,
			);
			runOnlyForDeploymentPostprocessing = 0;
		};
		1AE0606515E9BDEB00CC2BAF /* Resources */ = {
			isa = PBXResourcesBuildPhase;
			buildActionMask = 2147483647;
			files = (
				1AE0607415E9BDEB00CC2BAF /* InfoPlist.strings in Resources */,
			);
			runOnlyForDeploymentPostprocessing = 0;
		};
/* End PBXResourcesBuildPhase section */

/* Begin PBXShellScriptBuildPhase section */
		1AE0606615E9BDEB00CC2BAF /* ShellScript */ = {
			isa = PBXShellScriptBuildPhase;
			buildActionMask = 2147483647;
			files = (
			);
			inputPaths = (
			);
			outputPaths = (
			);
			runOnlyForDeploymentPostprocessing = 0;
			shellPath = /bin/sh;
			shellScript = "# Run the unit tests in this test bundle.\n\"${SYSTEM_DEVELOPER_DIR}/Tools/RunUnitTests\"\n";
		};
/* End PBXShellScriptBuildPhase section */

/* Begin PBXSourcesBuildPhase section */
		1AE0603B15E9BDEB00CC2BAF /* Sources */ = {
			isa = PBXSourcesBuildPhase;
			buildActionMask = 2147483647;
			files = (
				1AE0605415E9BDEB00CC2BAF /* main.m in Sources */,
				1AE0605815E9BDEB00CC2BAF /* glAppDelegate.m in Sources */,
				1AE0606215E9BDEB00CC2BAF /* glViewController.m in Sources */,
			);
			runOnlyForDeploymentPostprocessing = 0;
		};
		1AE0606315E9BDEB00CC2BAF /* Sources */ = {
			isa = PBXSourcesBuildPhase;
			buildActionMask = 2147483647;
			files = (
				1AE0607715E9BDEB00CC2BAF /* racegameTests.m in Sources */,
			);
			runOnlyForDeploymentPostprocessing = 0;
		};
/* End PBXSourcesBuildPhase section */

/* Begin PBXTargetDependency section */
		1AE0606E15E9BDEB00CC2BAF /* PBXTargetDependency */ = {
			isa = PBXTargetDependency;
			target = 1AE0603E15E9BDEB00CC2BAF /* racegame */;
			targetProxy = 1AE0606D15E9BDEB00CC2BAF /* PBXContainerItemProxy */;
		};
/* End PBXTargetDependency section */

/* Begin PBXVariantGroup section */
		1AE0605015E9BDEB00CC2BAF /* InfoPlist.strings */ = {
			isa = PBXVariantGroup;
			children = (
				1AE0605115E9BDEB00CC2BAF /* en */,
			);
			name = InfoPlist.strings;
			sourceTree = "<group>";
		};
		1AE0605915E9BDEB00CC2BAF /* MainStoryboard.storyboard */ = {
			isa = PBXVariantGroup;
			children = (
				1AE0605A15E9BDEB00CC2BAF /* en */,
			);
			name = MainStoryboard.storyboard;
			sourceTree = "<group>";
		};
		1AE0607215E9BDEB00CC2BAF /* InfoPlist.strings */ = {
			isa = PBXVariantGroup;
			children = (
				1AE0607315E9BDEB00CC2BAF /* en */,
			);
			name = InfoPlist.strings;
			sourceTree = "<group>";
		};
/* End PBXVariantGroup section */

/* Begin XCBuildConfiguration section */
		1AE0607815E9BDEB00CC2BAF /* Debug */ = {
			isa = XCBuildConfiguration;
			buildSettings = {
				ALWAYS_SEARCH_USER_PATHS = NO;
				ARCHS = "$(ARCHS_STANDARD_32_BIT)";
				CLANG_CXX_LANGUAGE_STANDARD = "gnu++0x";
				CLANG_ENABLE_OBJC_ARC = YES;
				CLANG_WARN__DUPLICATE_METHOD_MATCH = YES;
				"CODE_SIGN_IDENTITY[sdk=iphoneos*]" = "iPhone Developer";
				COPY_PHASE_STRIP = NO;
				GCC_C_LANGUAGE_STANDARD = gnu99;
				GCC_DYNAMIC_NO_PIC = NO;
				GCC_OPTIMIZATION_LEVEL = 0;
				GCC_PREPROCESSOR_DEFINITIONS = (
					"DEBUG=1",
					"$(inherited)",
				);
				GCC_SYMBOLS_PRIVATE_EXTERN = NO;
				GCC_VERSION = com.apple.compilers.llvm.clang.1_0;
				GCC_WARN_ABOUT_RETURN_TYPE = YES;
				GCC_WARN_UNINITIALIZED_AUTOS = YES;
				GCC_WARN_UNUSED_VARIABLE = YES;
				IPHONEOS_DEPLOYMENT_TARGET = 5.1;
				SDKROOT = iphoneos;
			};
			name = Debug;
		};
		1AE0607915E9BDEB00CC2BAF /* Release */ = {
			isa = XCBuildConfiguration;
			buildSettings = {
				ALWAYS_SEARCH_USER_PATHS = NO;
				ARCHS = "$(ARCHS_STANDARD_32_BIT)";
				CLANG_CXX_LANGUAGE_STANDARD = "gnu++0x";
				CLANG_ENABLE_OBJC_ARC = YES;
				CLANG_WARN__DUPLICATE_METHOD_MATCH = YES;
				"CODE_SIGN_IDENTITY[sdk=iphoneos*]" = "iPhone Developer";
				COPY_PHASE_STRIP = YES;
				GCC_C_LANGUAGE_STANDARD = gnu99;
				GCC_VERSION = com.apple.compilers.llvm.clang.1_0;
				GCC_WARN_ABOUT_RETURN_TYPE = YES;
				GCC_WARN_UNINITIALIZED_AUTOS = YES;
				GCC_WARN_UNUSED_VARIABLE = YES;
				IPHONEOS_DEPLOYMENT_TARGET = 5.1;
				OTHER_CFLAGS = "-DNS_BLOCK_ASSERTIONS=1";
				SDKROOT = iphoneos;
				VALIDATE_PRODUCT = YES;
			};
			name = Release;
		};
		1AE0607B15E9BDEB00CC2BAF /* Debug */ = {
			isa = XCBuildConfiguration;
			buildSettings = {
				GCC_PRECOMPILE_PREFIX_HEADER = YES;
				GCC_PREFIX_HEADER = "racegame/racegame-Prefix.pch";
				INFOPLIST_FILE = "racegame/racegame-Info.plist";
				PRODUCT_NAME = "$(TARGET_NAME)";
				WRAPPER_EXTENSION = app;
			};
			name = Debug;
		};
		1AE0607C15E9BDEB00CC2BAF /* Release */ = {
			isa = XCBuildConfiguration;
			buildSettings = {
				GCC_PRECOMPILE_PREFIX_HEADER = YES;
				GCC_PREFIX_HEADER = "racegame/racegame-Prefix.pch";
				INFOPLIST_FILE = "racegame/racegame-Info.plist";
				PRODUCT_NAME = "$(TARGET_NAME)";
				WRAPPER_EXTENSION = app;
			};
			name = Release;
		};
		1AE0607E15E9BDEB00CC2BAF /* Debug */ = {
			isa = XCBuildConfiguration;
			buildSettings = {
				BUNDLE_LOADER = "$(BUILT_PRODUCTS_DIR)/racegame.app/racegame";
				FRAMEWORK_SEARCH_PATHS = (
					"\"$(SDKROOT)/Developer/Library/Frameworks\"",
					"\"$(DEVELOPER_LIBRARY_DIR)/Frameworks\"",
				);
				GCC_PRECOMPILE_PREFIX_HEADER = YES;
				GCC_PREFIX_HEADER = "racegame/racegame-Prefix.pch";
				INFOPLIST_FILE = "racegameTests/racegameTests-Info.plist";
				PRODUCT_NAME = "$(TARGET_NAME)";
				TEST_HOST = "$(BUNDLE_LOADER)";
				WRAPPER_EXTENSION = octest;
			};
			name = Debug;
		};
		1AE0607F15E9BDEB00CC2BAF /* Release */ = {
			isa = XCBuildConfiguration;
			buildSettings = {
				BUNDLE_LOADER = "$(BUILT_PRODUCTS_DIR)/racegame.app/racegame";
				FRAMEWORK_SEARCH_PATHS = (
					"\"$(SDKROOT)/Developer/Library/Frameworks\"",
					"\"$(DEVELOPER_LIBRARY_DIR)/Frameworks\"",
				);
				GCC_PRECOMPILE_PREFIX_HEADER = YES;
				GCC_PREFIX_HEADER = "racegame/racegame-Prefix.pch";
				INFOPLIST_FILE = "racegameTests/racegameTests-Info.plist";
				PRODUCT_NAME = "$(TARGET_NAME)";
				TEST_HOST = "$(BUNDLE_LOADER)";
				WRAPPER_EXTENSION = octest;
			};
			name = Release;
		};
/* End XCBuildConfiguration section */

/* Begin XCConfigurationList section */
		1AE0603915E9BDEB00CC2BAF /* Build configuration list for PBXProject "racegame" */ = {
			isa = XCConfigurationList;
			buildConfigurations = (
				1AE0607815E9BDEB00CC2BAF /* Debug */,
				1AE0607915E9BDEB00CC2BAF /* Release */,
			);
			defaultConfigurationIsVisible = 0;
			defaultConfigurationName = Release;
		};
		1AE0607A15E9BDEB00CC2BAF /* Build configuration list for PBXNativeTarget "racegame" */ = {
			isa = XCConfigurationList;
			buildConfigurations = (
				1AE0607B15E9BDEB00CC2BAF /* Debug */,
				1AE0607C15E9BDEB00CC2BAF /* Release */,
			);
			defaultConfigurationIsVisible = 0;
		};
		1AE0607D15E9BDEB00CC2BAF /* Build configuration list for PBXNativeTarget "racegameTests" */ = {
			isa = XCConfigurationList;
			buildConfigurations = (
				1AE0607E15E9BDEB00CC2BAF /* Debug */,
				1AE0607F15E9BDEB00CC2BAF /* Release */,
			);
			defaultConfigurationIsVisible = 0;
		};
/* End XCConfigurationList section */
	};
	rootObject = 1AE0603615E9BDEB00CC2BAF /* Project object */;
}
